
Microsoft Visual Studio Solution File, Format Version 12.00
# Visual Studio Version 17
VisualStudioVersion = 17.4.33213.308
MinimumVisualStudioVersion = 10.0.40219.1
Project("{FAE04EC0-301F-11D3-BF4B-00C04F79EFBC}") = "StringCalculatore", "StringCalculatore\StringCalculatore.csproj", "{646E95DF-44E7-4424-A5AD-63CCE3C41EFE}"
EndProject
Global
	GlobalSection(SolutionConfigurationPlatforms) = preSolution
		Debug|Any CPU = Debug|Any CPU
		Release|Any CPU = Release|Any CPU
	EndGlobalSection
	GlobalSection(ProjectConfigurationPlatforms) = postSolution
		{646E95DF-44E7-4424-A5AD-63CCE3C41EFE}.Debug|Any CPU.ActiveCfg = Debug|Any CPU
		{646E95DF-44E7-4424-A5AD-63CCE3C41EFE}.Debug|Any CPU.Build.0 = Debug|Any CPU
		{646E95DF-44E7-4424-A5AD-63CCE3C41EFE}.Release|Any CPU.ActiveCfg = Release|Any CPU
		{646E95DF-44E7-4424-A5AD-63CCE3C41EFE}.Release|Any CPU.Build.0 = Release|Any CPU
	EndGlobalSection
	GlobalSection(SolutionProperties) = preSolution
		HideSolutionNode = FALSE
	EndGlobalSection
	GlobalSection(ExtensibilityGlobals) = postSolution
		SolutionGuid = {C017209B-7675-4835-9035-0CFC76A7B55A}
	EndGlobalSection
EndGlobal
